<?xml version="1.0" encoding="UTF-8" standalone="yes" ?>
<CodeBlocks_project_file>
	<FileVersion major="1" minor="6" />
	<Project>
		<Option title="digitalbook" />
		<Option pch_mode="2" />
		<Option compiler="gcc" />
		<Build>
			<Target title="Debug">
				<Option output="bin/Debug/digitalbook" prefix_auto="1" extension_auto="1" />
				<Option object_output="obj/Debug/" />
				<Option type="1" />
				<Option compiler="gcc" />
				<Compiler>
					<Add option="-g" />
				</Compiler>
			</Target>
			<Target title="Release">
				<Option output="bin/Release/digitalbook" prefix_auto="1" extension_auto="1" />
				<Option object_output="obj/Release/" />
				<Option type="1" />
				<Option compiler="gcc" />
				<Compiler>
					<Add option="-O2" />
				</Compiler>
				<Linker>
					<Add option="-s" />
				</Linker>
			</Target>
		</Build>
		<Compiler>
			<Add option="-Wall" />
		</Compiler>
		<Unit filename="alterarSenha.c">
			<Option compilerVar="CC" />
		</Unit>
		<Unit filename="alterarSenha.h" />
		<Unit filename="consultarUsuarios.c">
			<Option compilerVar="CC" />
		</Unit>
		<Unit filename="consultarUsuarios.h" />
		<Unit filename="criarUsuario.c">
			<Option compilerVar="CC" />
		</Unit>
		<Unit filename="criarUsuario.h" />
		<Unit filename="digitalbook.c">
			<Option compilerVar="CC" />
		</Unit>
		<Unit filename="digitalbook.h" />
		<Unit filename="editarUsuario.c">
			<Option compilerVar="CC" />
		</Unit>
		<Unit filename="editarUsuario.h" />
		<Unit filename="login.c">
			<Option compilerVar="CC" />
		</Unit>
		<Unit filename="login.dat" />
		<Unit filename="login.h" />
		<Unit filename="logo.c">
			<Option compilerVar="CC" />
		</Unit>
		<Unit filename="logo.h" />
		<Unit filename="mensagens.c">
			<Option compilerVar="CC" />
		</Unit>
		<Unit filename="mensagens.h" />
		<Unit filename="menus.c">
			<Option compilerVar="CC" />
		</Unit>
		<Unit filename="menus.h" />
		<Unit filename="testes.c">
			<Option compilerVar="CC" />
		</Unit>
		<Unit filename="testes.h" />
		<Extensions />
	</Project>
</CodeBlocks_project_file>
